
Microsoft Visual Studio Solution File, Format Version 12.00
# Visual Studio 15
VisualStudioVersion = 15.0.28010.2036
MinimumVisualStudioVersion = 10.0.40219.1
Project("{FAE04EC0-301F-11D3-BF4B-00C04F79EFBC}") = "XleTests", "XleTests\XleTests.csproj", "{D15F14F4-D946-4231-842A-FAB5FB0107C9}"
EndProject
Project("{2150E333-8FDC-42A3-9474-1A3956D46DE8}") = "Solution Items", "Solution Items", "{D4522371-10CA-4972-8DE2-F10087A2C795}"
	ProjectSection(SolutionItems) = preProject
		.gitignore = .gitignore
		Build-All.bat = Build-All.bat
		Build.bat = Build.bat
		Build.ps1 = Build.ps1
		Coverage.bat = Coverage.bat
		Package-Build.bat = Package-Build.bat
		Package-Build.ps1 = Package-Build.ps1
		Package-Wrap.ps1 = Package-Wrap.ps1
		package-wrap.sh = package-wrap.sh
		Project-Vars.ps1 = Project-Vars.ps1
		project-vars.sh = project-vars.sh
		publish.sh = publish.sh
		Test.bat = Test.bat
		UnitTest.bat = UnitTest.bat
	EndProjectSection
EndProject
Project("{2150E333-8FDC-42A3-9474-1A3956D46DE8}") = "AgateLib", "AgateLib", "{B2837392-11F8-42A3-B6FB-E57144156B9B}"
EndProject
Project("{FAE04EC0-301F-11D3-BF4B-00C04F79EFBC}") = "LegacyOfTheAncients.Desktop", "LegacyOfTheAncients.Desktop\LegacyOfTheAncients.Desktop.csproj", "{9D86AB00-7AF4-4A76-982D-125F1C4414B4}"
EndProject
Project("{2150E333-8FDC-42A3-9474-1A3956D46DE8}") = "Platforms", "Platforms", "{E9F98B92-F11B-42EE-9438-54ACFA8117DB}"
EndProject
Project("{FAE04EC0-301F-11D3-BF4B-00C04F79EFBC}") = "LegendOfBlacksilver.Desktop", "LegendOfBlacksilver.Desktop\LegendOfBlacksilver.Desktop.csproj", "{46516763-DDC4-4203-9047-3C36CDEF7E04}"
	ProjectSection(ProjectDependencies) = postProject
		{9D86AB00-7AF4-4A76-982D-125F1C4414B4} = {9D86AB00-7AF4-4A76-982D-125F1C4414B4}
	EndProjectSection
EndProject
Project("{D954291E-2A0B-460D-934E-DC6B0785DB48}") = "AgateLib", "AgateLib\AgateLib\AgateLib.shproj", "{BE7C38F8-7A5B-4CBD-B57B-2CD54558062B}"
EndProject
Project("{FAE04EC0-301F-11D3-BF4B-00C04F79EFBC}") = "AgateLib.FunctionalTests", "AgateLib\AgateLib.FunctionalTests\AgateLib.FunctionalTests.csproj", "{7B509CAC-0FC2-4AAE-83E2-7F37C282A3A0}"
EndProject
Project("{FAE04EC0-301F-11D3-BF4B-00C04F79EFBC}") = "AgateLib.Tester", "AgateLib\AgateLib.Tester\AgateLib.Tester.csproj", "{509F01E0-517F-48C8-BC2B-FEFC78312DD4}"
EndProject
Project("{FAE04EC0-301F-11D3-BF4B-00C04F79EFBC}") = "AgateLib.UnitTests", "AgateLib\AgateLib.UnitTests\AgateLib.UnitTests.csproj", "{5F203662-6438-4CD9-BE4B-D111F1DFB925}"
EndProject
Project("{D954291E-2A0B-460D-934E-DC6B0785DB48}") = "AgateLib.Physics", "AgateLib\AgateLib.Physics\AgateLib.Physics.shproj", "{062658FA-CA79-41C2-B4A5-AD9B2A88BEBA}"
EndProject
Project("{D954291E-2A0B-460D-934E-DC6B0785DB48}") = "LegacyOfTheAncients", "LegacyOfTheAncients\LegacyOfTheAncients.shproj", "{44A9FC5D-ABDD-42F8-9D86-AA5001EBDA14}"
EndProject
Project("{D954291E-2A0B-460D-934E-DC6B0785DB48}") = "XLE", "Xle\XLE.shproj", "{FDE0A61F-558B-4964-8292-B7A212A3AB45}"
EndProject
Project("{D954291E-2A0B-460D-934E-DC6B0785DB48}") = "LegendOfBlacksilver", "LegendOfBlacksilver\LegendOfBlacksilver.shproj", "{9EF5E01A-90B0-4CC4-AC37-5B7307872EBE}"
EndProject
Project("{FAE04EC0-301F-11D3-BF4B-00C04F79EFBC}") = "UnitTests.Blacksilver", "UnitTests.Blacksilver\UnitTests.Blacksilver.csproj", "{EF90D397-28CE-42C9-9ABE-D169C6584C1F}"
EndProject
Project("{FAE04EC0-301F-11D3-BF4B-00C04F79EFBC}") = "UnitTests.LegacyOfTheAncients", "UnitTests.LegacyOfTheAncients\UnitTests.LegacyOfTheAncients.csproj", "{0FF1F46A-B688-4455-B9DC-C3CD2C2D65FD}"
EndProject
Project("{2150E333-8FDC-42A3-9474-1A3956D46DE8}") = "Tests", "Tests", "{557825C5-FACC-4B35-9AE7-D181835D8298}"
EndProject
Project("{D954291E-2A0B-460D-934E-DC6B0785DB48}") = "AgateLib.Autofac", "AgateLib\AgateLib.Autofac\AgateLib.Autofac.shproj", "{29390B33-719F-44A1-A021-7BBD0A28823B}"
EndProject
Project("{FAE04EC0-301F-11D3-BF4B-00C04F79EFBC}") = "LegacyOfTheAncients.WindowsDX", "LegacyOfTheAncients.WindowsDX\LegacyOfTheAncients.WindowsDX.csproj", "{A2EE7198-22E4-433C-BFBB-9CB9716DDE44}"
EndProject
Global
	GlobalSection(SharedMSBuildProjectFiles) = preSolution
		AgateLib\AgateLib.Physics\AgateLib.Physics.projitems*{062658fa-ca79-41c2-b4a5-ad9b2a88beba}*SharedItemsImports = 13
		AgateLib\AgateLib.Autofac\AgateLib.Autofac.projitems*{29390b33-719f-44a1-a021-7bbd0a28823b}*SharedItemsImports = 13
		LegacyOfTheAncients\LegacyOfTheAncients.projitems*{44a9fc5d-abdd-42f8-9d86-aa5001ebda14}*SharedItemsImports = 13
		AgateLib\AgateLib.Autofac\AgateLib.Autofac.projitems*{46516763-ddc4-4203-9047-3c36cdef7e04}*SharedItemsImports = 4
		AgateLib\AgateLib\AgateLib.projitems*{46516763-ddc4-4203-9047-3c36cdef7e04}*SharedItemsImports = 4
		LegendOfBlacksilver\LegendOfBlacksilver.projitems*{46516763-ddc4-4203-9047-3c36cdef7e04}*SharedItemsImports = 4
		Xle\Xle.projitems*{46516763-ddc4-4203-9047-3c36cdef7e04}*SharedItemsImports = 4
		AgateLib\AgateLib.Physics\AgateLib.Physics.projitems*{509f01e0-517f-48c8-bc2b-fefc78312dd4}*SharedItemsImports = 4
		AgateLib\AgateLib\AgateLib.projitems*{509f01e0-517f-48c8-bc2b-fefc78312dd4}*SharedItemsImports = 4
		AgateLib\AgateLib.Autofac\AgateLib.Autofac.projitems*{9d86ab00-7af4-4a76-982d-125f1c4414b4}*SharedItemsImports = 4
		AgateLib\AgateLib\AgateLib.projitems*{9d86ab00-7af4-4a76-982d-125f1c4414b4}*SharedItemsImports = 4
		LegacyOfTheAncients\LegacyOfTheAncients.projitems*{9d86ab00-7af4-4a76-982d-125f1c4414b4}*SharedItemsImports = 4
		Xle\Xle.projitems*{9d86ab00-7af4-4a76-982d-125f1c4414b4}*SharedItemsImports = 4
		LegendOfBlacksilver\LegendOfBlacksilver.projitems*{9ef5e01a-90b0-4cc4-ac37-5b7307872ebe}*SharedItemsImports = 13
		AgateLib\AgateLib.Autofac\AgateLib.Autofac.projitems*{a2ee7198-22e4-433c-bfbb-9cb9716dde44}*SharedItemsImports = 4
		AgateLib\AgateLib\AgateLib.projitems*{a2ee7198-22e4-433c-bfbb-9cb9716dde44}*SharedItemsImports = 4
		LegacyOfTheAncients\LegacyOfTheAncients.projitems*{a2ee7198-22e4-433c-bfbb-9cb9716dde44}*SharedItemsImports = 4
		Xle\Xle.projitems*{a2ee7198-22e4-433c-bfbb-9cb9716dde44}*SharedItemsImports = 4
		AgateLib\AgateLib\AgateLib.projitems*{be7c38f8-7a5b-4cbd-b57b-2cd54558062b}*SharedItemsImports = 13
		Xle\Xle.projitems*{fde0a61f-558b-4964-8292-b7a212a3ab45}*SharedItemsImports = 13
	EndGlobalSection
	GlobalSection(SolutionConfigurationPlatforms) = preSolution
		Debug|Any CPU = Debug|Any CPU
		Debug|ARM = Debug|ARM
		Debug|x64 = Debug|x64
		Debug|x86 = Debug|x86
		Info|Any CPU = Info|Any CPU
		Info|ARM = Info|ARM
		Info|x64 = Info|x64
		Info|x86 = Info|x86
		Performance|Any CPU = Performance|Any CPU
		Performance|ARM = Performance|ARM
		Performance|x64 = Performance|x64
		Performance|x86 = Performance|x86
		Release|Any CPU = Release|Any CPU
		Release|ARM = Release|ARM
		Release|x64 = Release|x64
		Release|x86 = Release|x86
	EndGlobalSection
	GlobalSection(ProjectConfigurationPlatforms) = postSolution
		{D15F14F4-D946-4231-842A-FAB5FB0107C9}.Debug|Any CPU.ActiveCfg = Debug|Any CPU
		{D15F14F4-D946-4231-842A-FAB5FB0107C9}.Debug|Any CPU.Build.0 = Debug|Any CPU
		{D15F14F4-D946-4231-842A-FAB5FB0107C9}.Debug|ARM.ActiveCfg = Debug|Any CPU
		{D15F14F4-D946-4231-842A-FAB5FB0107C9}.Debug|ARM.Build.0 = Debug|Any CPU
		{D15F14F4-D946-4231-842A-FAB5FB0107C9}.Debug|x64.ActiveCfg = Debug|x64
		{D15F14F4-D946-4231-842A-FAB5FB0107C9}.Debug|x64.Build.0 = Debug|x64
		{D15F14F4-D946-4231-842A-FAB5FB0107C9}.Debug|x86.ActiveCfg = Debug|x86
		{D15F14F4-D946-4231-842A-FAB5FB0107C9}.Debug|x86.Build.0 = Debug|x86
		{D15F14F4-D946-4231-842A-FAB5FB0107C9}.Info|Any CPU.ActiveCfg = Release|Any CPU
		{D15F14F4-D946-4231-842A-FAB5FB0107C9}.Info|Any CPU.Build.0 = Release|Any CPU
		{D15F14F4-D946-4231-842A-FAB5FB0107C9}.Info|ARM.ActiveCfg = Release|Any CPU
		{D15F14F4-D946-4231-842A-FAB5FB0107C9}.Info|ARM.Build.0 = Release|Any CPU
		{D15F14F4-D946-4231-842A-FAB5FB0107C9}.Info|x64.ActiveCfg = Release|x64
		{D15F14F4-D946-4231-842A-FAB5FB0107C9}.Info|x64.Build.0 = Release|x64
		{D15F14F4-D946-4231-842A-FAB5FB0107C9}.Info|x86.ActiveCfg = Release|x86
		{D15F14F4-D946-4231-842A-FAB5FB0107C9}.Info|x86.Build.0 = Release|x86
		{D15F14F4-D946-4231-842A-FAB5FB0107C9}.Performance|Any CPU.ActiveCfg = Release|Any CPU
		{D15F14F4-D946-4231-842A-FAB5FB0107C9}.Performance|Any CPU.Build.0 = Release|Any CPU
		{D15F14F4-D946-4231-842A-FAB5FB0107C9}.Performance|ARM.ActiveCfg = Release|Any CPU
		{D15F14F4-D946-4231-842A-FAB5FB0107C9}.Performance|ARM.Build.0 = Release|Any CPU
		{D15F14F4-D946-4231-842A-FAB5FB0107C9}.Performance|x64.ActiveCfg = Release|x64
		{D15F14F4-D946-4231-842A-FAB5FB0107C9}.Performance|x64.Build.0 = Release|x64
		{D15F14F4-D946-4231-842A-FAB5FB0107C9}.Performance|x86.ActiveCfg = Release|x86
		{D15F14F4-D946-4231-842A-FAB5FB0107C9}.Performance|x86.Build.0 = Release|x86
		{D15F14F4-D946-4231-842A-FAB5FB0107C9}.Release|Any CPU.ActiveCfg = Release|Any CPU
		{D15F14F4-D946-4231-842A-FAB5FB0107C9}.Release|Any CPU.Build.0 = Release|Any CPU
		{D15F14F4-D946-4231-842A-FAB5FB0107C9}.Release|ARM.ActiveCfg = Release|Any CPU
		{D15F14F4-D946-4231-842A-FAB5FB0107C9}.Release|ARM.Build.0 = Release|Any CPU
		{D15F14F4-D946-4231-842A-FAB5FB0107C9}.Release|x64.ActiveCfg = Release|x64
		{D15F14F4-D946-4231-842A-FAB5FB0107C9}.Release|x64.Build.0 = Release|x64
		{D15F14F4-D946-4231-842A-FAB5FB0107C9}.Release|x86.ActiveCfg = Release|x86
		{D15F14F4-D946-4231-842A-FAB5FB0107C9}.Release|x86.Build.0 = Release|x86
		{9D86AB00-7AF4-4A76-982D-125F1C4414B4}.Debug|Any CPU.ActiveCfg = Debug|Any CPU
		{9D86AB00-7AF4-4A76-982D-125F1C4414B4}.Debug|Any CPU.Build.0 = Debug|Any CPU
		{9D86AB00-7AF4-4A76-982D-125F1C4414B4}.Debug|ARM.ActiveCfg = Debug|Any CPU
		{9D86AB00-7AF4-4A76-982D-125F1C4414B4}.Debug|ARM.Build.0 = Debug|Any CPU
		{9D86AB00-7AF4-4A76-982D-125F1C4414B4}.Debug|x64.ActiveCfg = Debug|Any CPU
		{9D86AB00-7AF4-4A76-982D-125F1C4414B4}.Debug|x64.Build.0 = Debug|Any CPU
		{9D86AB00-7AF4-4A76-982D-125F1C4414B4}.Debug|x86.ActiveCfg = Debug|Any CPU
		{9D86AB00-7AF4-4A76-982D-125F1C4414B4}.Debug|x86.Build.0 = Debug|Any CPU
		{9D86AB00-7AF4-4A76-982D-125F1C4414B4}.Info|Any CPU.ActiveCfg = Release|Any CPU
		{9D86AB00-7AF4-4A76-982D-125F1C4414B4}.Info|Any CPU.Build.0 = Release|Any CPU
		{9D86AB00-7AF4-4A76-982D-125F1C4414B4}.Info|ARM.ActiveCfg = Release|Any CPU
		{9D86AB00-7AF4-4A76-982D-125F1C4414B4}.Info|ARM.Build.0 = Release|Any CPU
		{9D86AB00-7AF4-4A76-982D-125F1C4414B4}.Info|x64.ActiveCfg = Release|Any CPU
		{9D86AB00-7AF4-4A76-982D-125F1C4414B4}.Info|x64.Build.0 = Release|Any CPU
		{9D86AB00-7AF4-4A76-982D-125F1C4414B4}.Info|x86.ActiveCfg = Release|Any CPU
		{9D86AB00-7AF4-4A76-982D-125F1C4414B4}.Info|x86.Build.0 = Release|Any CPU
		{9D86AB00-7AF4-4A76-982D-125F1C4414B4}.Performance|Any CPU.ActiveCfg = Release|Any CPU
		{9D86AB00-7AF4-4A76-982D-125F1C4414B4}.Performance|Any CPU.Build.0 = Release|Any CPU
		{9D86AB00-7AF4-4A76-982D-125F1C4414B4}.Performance|ARM.ActiveCfg = Release|Any CPU
		{9D86AB00-7AF4-4A76-982D-125F1C4414B4}.Performance|ARM.Build.0 = Release|Any CPU
		{9D86AB00-7AF4-4A76-982D-125F1C4414B4}.Performance|x64.ActiveCfg = Release|Any CPU
		{9D86AB00-7AF4-4A76-982D-125F1C4414B4}.Performance|x64.Build.0 = Release|Any CPU
		{9D86AB00-7AF4-4A76-982D-125F1C4414B4}.Performance|x86.ActiveCfg = Release|Any CPU
		{9D86AB00-7AF4-4A76-982D-125F1C4414B4}.Performance|x86.Build.0 = Release|Any CPU
		{9D86AB00-7AF4-4A76-982D-125F1C4414B4}.Release|Any CPU.ActiveCfg = Release|Any CPU
		{9D86AB00-7AF4-4A76-982D-125F1C4414B4}.Release|Any CPU.Build.0 = Release|Any CPU
		{9D86AB00-7AF4-4A76-982D-125F1C4414B4}.Release|ARM.ActiveCfg = Release|Any CPU
		{9D86AB00-7AF4-4A76-982D-125F1C4414B4}.Release|ARM.Build.0 = Release|Any CPU
		{9D86AB00-7AF4-4A76-982D-125F1C4414B4}.Release|x64.ActiveCfg = Release|Any CPU
		{9D86AB00-7AF4-4A76-982D-125F1C4414B4}.Release|x64.Build.0 = Release|Any CPU
		{9D86AB00-7AF4-4A76-982D-125F1C4414B4}.Release|x86.ActiveCfg = Release|Any CPU
		{9D86AB00-7AF4-4A76-982D-125F1C4414B4}.Release|x86.Build.0 = Release|Any CPU
		{46516763-DDC4-4203-9047-3C36CDEF7E04}.Debug|Any CPU.ActiveCfg = Debug|Any CPU
		{46516763-DDC4-4203-9047-3C36CDEF7E04}.Debug|Any CPU.Build.0 = Debug|Any CPU
		{46516763-DDC4-4203-9047-3C36CDEF7E04}.Debug|ARM.ActiveCfg = Debug|Any CPU
		{46516763-DDC4-4203-9047-3C36CDEF7E04}.Debug|ARM.Build.0 = Debug|Any CPU
		{46516763-DDC4-4203-9047-3C36CDEF7E04}.Debug|x64.ActiveCfg = Debug|Any CPU
		{46516763-DDC4-4203-9047-3C36CDEF7E04}.Debug|x64.Build.0 = Debug|Any CPU
		{46516763-DDC4-4203-9047-3C36CDEF7E04}.Debug|x86.ActiveCfg = Debug|Any CPU
		{46516763-DDC4-4203-9047-3C36CDEF7E04}.Debug|x86.Build.0 = Debug|Any CPU
		{46516763-DDC4-4203-9047-3C36CDEF7E04}.Info|Any CPU.ActiveCfg = Release|Any CPU
		{46516763-DDC4-4203-9047-3C36CDEF7E04}.Info|Any CPU.Build.0 = Release|Any CPU
		{46516763-DDC4-4203-9047-3C36CDEF7E04}.Info|ARM.ActiveCfg = Release|Any CPU
		{46516763-DDC4-4203-9047-3C36CDEF7E04}.Info|ARM.Build.0 = Release|Any CPU
		{46516763-DDC4-4203-9047-3C36CDEF7E04}.Info|x64.ActiveCfg = Release|Any CPU
		{46516763-DDC4-4203-9047-3C36CDEF7E04}.Info|x64.Build.0 = Release|Any CPU
		{46516763-DDC4-4203-9047-3C36CDEF7E04}.Info|x86.ActiveCfg = Release|Any CPU
		{46516763-DDC4-4203-9047-3C36CDEF7E04}.Info|x86.Build.0 = Release|Any CPU
		{46516763-DDC4-4203-9047-3C36CDEF7E04}.Performance|Any CPU.ActiveCfg = Release|Any CPU
		{46516763-DDC4-4203-9047-3C36CDEF7E04}.Performance|Any CPU.Build.0 = Release|Any CPU
		{46516763-DDC4-4203-9047-3C36CDEF7E04}.Performance|ARM.ActiveCfg = Release|Any CPU
		{46516763-DDC4-4203-9047-3C36CDEF7E04}.Performance|ARM.Build.0 = Release|Any CPU
		{46516763-DDC4-4203-9047-3C36CDEF7E04}.Performance|x64.ActiveCfg = Release|Any CPU
		{46516763-DDC4-4203-9047-3C36CDEF7E04}.Performance|x64.Build.0 = Release|Any CPU
		{46516763-DDC4-4203-9047-3C36CDEF7E04}.Performance|x86.ActiveCfg = Release|Any CPU
		{46516763-DDC4-4203-9047-3C36CDEF7E04}.Performance|x86.Build.0 = Release|Any CPU
		{46516763-DDC4-4203-9047-3C36CDEF7E04}.Release|Any CPU.ActiveCfg = Release|Any CPU
		{46516763-DDC4-4203-9047-3C36CDEF7E04}.Release|Any CPU.Build.0 = Release|Any CPU
		{46516763-DDC4-4203-9047-3C36CDEF7E04}.Release|ARM.ActiveCfg = Release|Any CPU
		{46516763-DDC4-4203-9047-3C36CDEF7E04}.Release|ARM.Build.0 = Release|Any CPU
		{46516763-DDC4-4203-9047-3C36CDEF7E04}.Release|x64.ActiveCfg = Release|Any CPU
		{46516763-DDC4-4203-9047-3C36CDEF7E04}.Release|x64.Build.0 = Release|Any CPU
		{46516763-DDC4-4203-9047-3C36CDEF7E04}.Release|x86.ActiveCfg = Release|Any CPU
		{46516763-DDC4-4203-9047-3C36CDEF7E04}.Release|x86.Build.0 = Release|Any CPU
		{7B509CAC-0FC2-4AAE-83E2-7F37C282A3A0}.Debug|Any CPU.ActiveCfg = Debug|Any CPU
		{7B509CAC-0FC2-4AAE-83E2-7F37C282A3A0}.Debug|Any CPU.Build.0 = Debug|Any CPU
		{7B509CAC-0FC2-4AAE-83E2-7F37C282A3A0}.Debug|ARM.ActiveCfg = Debug|Any CPU
		{7B509CAC-0FC2-4AAE-83E2-7F37C282A3A0}.Debug|ARM.Build.0 = Debug|Any CPU
		{7B509CAC-0FC2-4AAE-83E2-7F37C282A3A0}.Debug|x64.ActiveCfg = Debug|x64
		{7B509CAC-0FC2-4AAE-83E2-7F37C282A3A0}.Debug|x64.Build.0 = Debug|x64
		{7B509CAC-0FC2-4AAE-83E2-7F37C282A3A0}.Debug|x86.ActiveCfg = Debug|x86
		{7B509CAC-0FC2-4AAE-83E2-7F37C282A3A0}.Debug|x86.Build.0 = Debug|x86
		{7B509CAC-0FC2-4AAE-83E2-7F37C282A3A0}.Info|Any CPU.ActiveCfg = Info|Any CPU
		{7B509CAC-0FC2-4AAE-83E2-7F37C282A3A0}.Info|Any CPU.Build.0 = Info|Any CPU
		{7B509CAC-0FC2-4AAE-83E2-7F37C282A3A0}.Info|ARM.ActiveCfg = Info|Any CPU
		{7B509CAC-0FC2-4AAE-83E2-7F37C282A3A0}.Info|ARM.Build.0 = Info|Any CPU
		{7B509CAC-0FC2-4AAE-83E2-7F37C282A3A0}.Info|x64.ActiveCfg = Info|x64
		{7B509CAC-0FC2-4AAE-83E2-7F37C282A3A0}.Info|x64.Build.0 = Info|x64
		{7B509CAC-0FC2-4AAE-83E2-7F37C282A3A0}.Info|x86.ActiveCfg = Info|x86
		{7B509CAC-0FC2-4AAE-83E2-7F37C282A3A0}.Info|x86.Build.0 = Info|x86
		{7B509CAC-0FC2-4AAE-83E2-7F37C282A3A0}.Performance|Any CPU.ActiveCfg = Performance|Any CPU
		{7B509CAC-0FC2-4AAE-83E2-7F37C282A3A0}.Performance|Any CPU.Build.0 = Performance|Any CPU
		{7B509CAC-0FC2-4AAE-83E2-7F37C282A3A0}.Performance|ARM.ActiveCfg = Performance|Any CPU
		{7B509CAC-0FC2-4AAE-83E2-7F37C282A3A0}.Performance|ARM.Build.0 = Performance|Any CPU
		{7B509CAC-0FC2-4AAE-83E2-7F37C282A3A0}.Performance|x64.ActiveCfg = Performance|x64
		{7B509CAC-0FC2-4AAE-83E2-7F37C282A3A0}.Performance|x64.Build.0 = Performance|x64
		{7B509CAC-0FC2-4AAE-83E2-7F37C282A3A0}.Performance|x86.ActiveCfg = Performance|x86
		{7B509CAC-0FC2-4AAE-83E2-7F37C282A3A0}.Performance|x86.Build.0 = Performance|x86
		{7B509CAC-0FC2-4AAE-83E2-7F37C282A3A0}.Release|Any CPU.ActiveCfg = Release|Any CPU
		{7B509CAC-0FC2-4AAE-83E2-7F37C282A3A0}.Release|Any CPU.Build.0 = Release|Any CPU
		{7B509CAC-0FC2-4AAE-83E2-7F37C282A3A0}.Release|ARM.ActiveCfg = Release|Any CPU
		{7B509CAC-0FC2-4AAE-83E2-7F37C282A3A0}.Release|ARM.Build.0 = Release|Any CPU
		{7B509CAC-0FC2-4AAE-83E2-7F37C282A3A0}.Release|x64.ActiveCfg = Release|x64
		{7B509CAC-0FC2-4AAE-83E2-7F37C282A3A0}.Release|x64.Build.0 = Release|x64
		{7B509CAC-0FC2-4AAE-83E2-7F37C282A3A0}.Release|x86.ActiveCfg = Release|x86
		{7B509CAC-0FC2-4AAE-83E2-7F37C282A3A0}.Release|x86.Build.0 = Release|x86
		{509F01E0-517F-48C8-BC2B-FEFC78312DD4}.Debug|Any CPU.ActiveCfg = Debug|Any CPU
		{509F01E0-517F-48C8-BC2B-FEFC78312DD4}.Debug|Any CPU.Build.0 = Debug|Any CPU
		{509F01E0-517F-48C8-BC2B-FEFC78312DD4}.Debug|ARM.ActiveCfg = Debug|Any CPU
		{509F01E0-517F-48C8-BC2B-FEFC78312DD4}.Debug|ARM.Build.0 = Debug|Any CPU
		{509F01E0-517F-48C8-BC2B-FEFC78312DD4}.Debug|x64.ActiveCfg = Debug|x64
		{509F01E0-517F-48C8-BC2B-FEFC78312DD4}.Debug|x64.Build.0 = Debug|x64
		{509F01E0-517F-48C8-BC2B-FEFC78312DD4}.Debug|x86.ActiveCfg = Debug|x86
		{509F01E0-517F-48C8-BC2B-FEFC78312DD4}.Debug|x86.Build.0 = Debug|x86
		{509F01E0-517F-48C8-BC2B-FEFC78312DD4}.Info|Any CPU.ActiveCfg = Info|Any CPU
		{509F01E0-517F-48C8-BC2B-FEFC78312DD4}.Info|Any CPU.Build.0 = Info|Any CPU
		{509F01E0-517F-48C8-BC2B-FEFC78312DD4}.Info|ARM.ActiveCfg = Info|Any CPU
		{509F01E0-517F-48C8-BC2B-FEFC78312DD4}.Info|ARM.Build.0 = Info|Any CPU
		{509F01E0-517F-48C8-BC2B-FEFC78312DD4}.Info|x64.ActiveCfg = Info|x64
		{509F01E0-517F-48C8-BC2B-FEFC78312DD4}.Info|x64.Build.0 = Info|x64
		{509F01E0-517F-48C8-BC2B-FEFC78312DD4}.Info|x86.ActiveCfg = Info|x86
		{509F01E0-517F-48C8-BC2B-FEFC78312DD4}.Info|x86.Build.0 = Info|x86
		{509F01E0-517F-48C8-BC2B-FEFC78312DD4}.Performance|Any CPU.ActiveCfg = Performance|Any CPU
		{509F01E0-517F-48C8-BC2B-FEFC78312DD4}.Performance|Any CPU.Build.0 = Performance|Any CPU
		{509F01E0-517F-48C8-BC2B-FEFC78312DD4}.Performance|ARM.ActiveCfg = Performance|Any CPU
		{509F01E0-517F-48C8-BC2B-FEFC78312DD4}.Performance|ARM.Build.0 = Performance|Any CPU
		{509F01E0-517F-48C8-BC2B-FEFC78312DD4}.Performance|x64.ActiveCfg = Performance|x64
		{509F01E0-517F-48C8-BC2B-FEFC78312DD4}.Performance|x64.Build.0 = Performance|x64
		{509F01E0-517F-48C8-BC2B-FEFC78312DD4}.Performance|x86.ActiveCfg = Performance|x86
		{509F01E0-517F-48C8-BC2B-FEFC78312DD4}.Performance|x86.Build.0 = Performance|x86
		{509F01E0-517F-48C8-BC2B-FEFC78312DD4}.Release|Any CPU.ActiveCfg = Release|Any CPU
		{509F01E0-517F-48C8-BC2B-FEFC78312DD4}.Release|Any CPU.Build.0 = Release|Any CPU
		{509F01E0-517F-48C8-BC2B-FEFC78312DD4}.Release|ARM.ActiveCfg = Release|Any CPU
		{509F01E0-517F-48C8-BC2B-FEFC78312DD4}.Release|ARM.Build.0 = Release|Any CPU
		{509F01E0-517F-48C8-BC2B-FEFC78312DD4}.Release|x64.ActiveCfg = Release|x64
		{509F01E0-517F-48C8-BC2B-FEFC78312DD4}.Release|x64.Build.0 = Release|x64
		{509F01E0-517F-48C8-BC2B-FEFC78312DD4}.Release|x86.ActiveCfg = Release|x86
		{509F01E0-517F-48C8-BC2B-FEFC78312DD4}.Release|x86.Build.0 = Release|x86
		{5F203662-6438-4CD9-BE4B-D111F1DFB925}.Debug|Any CPU.ActiveCfg = Debug|Any CPU
		{5F203662-6438-4CD9-BE4B-D111F1DFB925}.Debug|Any CPU.Build.0 = Debug|Any CPU
		{5F203662-6438-4CD9-BE4B-D111F1DFB925}.Debug|ARM.ActiveCfg = Debug|Any CPU
		{5F203662-6438-4CD9-BE4B-D111F1DFB925}.Debug|ARM.Build.0 = Debug|Any CPU
		{5F203662-6438-4CD9-BE4B-D111F1DFB925}.Debug|x64.ActiveCfg = Debug|x64
		{5F203662-6438-4CD9-BE4B-D111F1DFB925}.Debug|x64.Build.0 = Debug|x64
		{5F203662-6438-4CD9-BE4B-D111F1DFB925}.Debug|x86.ActiveCfg = Debug|x86
		{5F203662-6438-4CD9-BE4B-D111F1DFB925}.Debug|x86.Build.0 = Debug|x86
		{5F203662-6438-4CD9-BE4B-D111F1DFB925}.Info|Any CPU.ActiveCfg = Info|Any CPU
		{5F203662-6438-4CD9-BE4B-D111F1DFB925}.Info|Any CPU.Build.0 = Info|Any CPU
		{5F203662-6438-4CD9-BE4B-D111F1DFB925}.Info|ARM.ActiveCfg = Info|Any CPU
		{5F203662-6438-4CD9-BE4B-D111F1DFB925}.Info|ARM.Build.0 = Info|Any CPU
		{5F203662-6438-4CD9-BE4B-D111F1DFB925}.Info|x64.ActiveCfg = Info|x64
		{5F203662-6438-4CD9-BE4B-D111F1DFB925}.Info|x64.Build.0 = Info|x64
		{5F203662-6438-4CD9-BE4B-D111F1DFB925}.Info|x86.ActiveCfg = Info|x86
		{5F203662-6438-4CD9-BE4B-D111F1DFB925}.Info|x86.Build.0 = Info|x86
		{5F203662-6438-4CD9-BE4B-D111F1DFB925}.Performance|Any CPU.ActiveCfg = Performance|Any CPU
		{5F203662-6438-4CD9-BE4B-D111F1DFB925}.Performance|Any CPU.Build.0 = Performance|Any CPU
		{5F203662-6438-4CD9-BE4B-D111F1DFB925}.Performance|ARM.ActiveCfg = Performance|Any CPU
		{5F203662-6438-4CD9-BE4B-D111F1DFB925}.Performance|ARM.Build.0 = Performance|Any CPU
		{5F203662-6438-4CD9-BE4B-D111F1DFB925}.Performance|x64.ActiveCfg = Performance|x64
		{5F203662-6438-4CD9-BE4B-D111F1DFB925}.Performance|x64.Build.0 = Performance|x64
		{5F203662-6438-4CD9-BE4B-D111F1DFB925}.Performance|x86.ActiveCfg = Performance|x86
		{5F203662-6438-4CD9-BE4B-D111F1DFB925}.Performance|x86.Build.0 = Performance|x86
		{5F203662-6438-4CD9-BE4B-D111F1DFB925}.Release|Any CPU.ActiveCfg = Release|Any CPU
		{5F203662-6438-4CD9-BE4B-D111F1DFB925}.Release|Any CPU.Build.0 = Release|Any CPU
		{5F203662-6438-4CD9-BE4B-D111F1DFB925}.Release|ARM.ActiveCfg = Release|Any CPU
		{5F203662-6438-4CD9-BE4B-D111F1DFB925}.Release|ARM.Build.0 = Release|Any CPU
		{5F203662-6438-4CD9-BE4B-D111F1DFB925}.Release|x64.ActiveCfg = Release|x64
		{5F203662-6438-4CD9-BE4B-D111F1DFB925}.Release|x64.Build.0 = Release|x64
		{5F203662-6438-4CD9-BE4B-D111F1DFB925}.Release|x86.ActiveCfg = Release|x86
		{5F203662-6438-4CD9-BE4B-D111F1DFB925}.Release|x86.Build.0 = Release|x86
		{EF90D397-28CE-42C9-9ABE-D169C6584C1F}.Debug|Any CPU.ActiveCfg = Debug|Any CPU
		{EF90D397-28CE-42C9-9ABE-D169C6584C1F}.Debug|Any CPU.Build.0 = Debug|Any CPU
		{EF90D397-28CE-42C9-9ABE-D169C6584C1F}.Debug|ARM.ActiveCfg = Debug|Any CPU
		{EF90D397-28CE-42C9-9ABE-D169C6584C1F}.Debug|ARM.Build.0 = Debug|Any CPU
		{EF90D397-28CE-42C9-9ABE-D169C6584C1F}.Debug|x64.ActiveCfg = Debug|Any CPU
		{EF90D397-28CE-42C9-9ABE-D169C6584C1F}.Debug|x64.Build.0 = Debug|Any CPU
		{EF90D397-28CE-42C9-9ABE-D169C6584C1F}.Debug|x86.ActiveCfg = Debug|Any CPU
		{EF90D397-28CE-42C9-9ABE-D169C6584C1F}.Debug|x86.Build.0 = Debug|Any CPU
		{EF90D397-28CE-42C9-9ABE-D169C6584C1F}.Info|Any CPU.ActiveCfg = Release|Any CPU
		{EF90D397-28CE-42C9-9ABE-D169C6584C1F}.Info|Any CPU.Build.0 = Release|Any CPU
		{EF90D397-28CE-42C9-9ABE-D169C6584C1F}.Info|ARM.ActiveCfg = Release|Any CPU
		{EF90D397-28CE-42C9-9ABE-D169C6584C1F}.Info|ARM.Build.0 = Release|Any CPU
		{EF90D397-28CE-42C9-9ABE-D169C6584C1F}.Info|x64.ActiveCfg = Release|Any CPU
		{EF90D397-28CE-42C9-9ABE-D169C6584C1F}.Info|x64.Build.0 = Release|Any CPU
		{EF90D397-28CE-42C9-9ABE-D169C6584C1F}.Info|x86.ActiveCfg = Release|Any CPU
		{EF90D397-28CE-42C9-9ABE-D169C6584C1F}.Info|x86.Build.0 = Release|Any CPU
		{EF90D397-28CE-42C9-9ABE-D169C6584C1F}.Performance|Any CPU.ActiveCfg = Release|Any CPU
		{EF90D397-28CE-42C9-9ABE-D169C6584C1F}.Performance|Any CPU.Build.0 = Release|Any CPU
		{EF90D397-28CE-42C9-9ABE-D169C6584C1F}.Performance|ARM.ActiveCfg = Release|Any CPU
		{EF90D397-28CE-42C9-9ABE-D169C6584C1F}.Performance|ARM.Build.0 = Release|Any CPU
		{EF90D397-28CE-42C9-9ABE-D169C6584C1F}.Performance|x64.ActiveCfg = Release|Any CPU
		{EF90D397-28CE-42C9-9ABE-D169C6584C1F}.Performance|x64.Build.0 = Release|Any CPU
		{EF90D397-28CE-42C9-9ABE-D169C6584C1F}.Performance|x86.ActiveCfg = Release|Any CPU
		{EF90D397-28CE-42C9-9ABE-D169C6584C1F}.Performance|x86.Build.0 = Release|Any CPU
		{EF90D397-28CE-42C9-9ABE-D169C6584C1F}.Release|Any CPU.ActiveCfg = Release|Any CPU
		{EF90D397-28CE-42C9-9ABE-D169C6584C1F}.Release|Any CPU.Build.0 = Release|Any CPU
		{EF90D397-28CE-42C9-9ABE-D169C6584C1F}.Release|ARM.ActiveCfg = Release|Any CPU
		{EF90D397-28CE-42C9-9ABE-D169C6584C1F}.Release|ARM.Build.0 = Release|Any CPU
		{EF90D397-28CE-42C9-9ABE-D169C6584C1F}.Release|x64.ActiveCfg = Release|Any CPU
		{EF90D397-28CE-42C9-9ABE-D169C6584C1F}.Release|x64.Build.0 = Release|Any CPU
		{EF90D397-28CE-42C9-9ABE-D169C6584C1F}.Release|x86.ActiveCfg = Release|Any CPU
		{EF90D397-28CE-42C9-9ABE-D169C6584C1F}.Release|x86.Build.0 = Release|Any CPU
		{0FF1F46A-B688-4455-B9DC-C3CD2C2D65FD}.Debug|Any CPU.ActiveCfg = Debug|Any CPU
		{0FF1F46A-B688-4455-B9DC-C3CD2C2D65FD}.Debug|Any CPU.Build.0 = Debug|Any CPU
		{0FF1F46A-B688-4455-B9DC-C3CD2C2D65FD}.Debug|ARM.ActiveCfg = Debug|Any CPU
		{0FF1F46A-B688-4455-B9DC-C3CD2C2D65FD}.Debug|ARM.Build.0 = Debug|Any CPU
		{0FF1F46A-B688-4455-B9DC-C3CD2C2D65FD}.Debug|x64.ActiveCfg = Debug|Any CPU
		{0FF1F46A-B688-4455-B9DC-C3CD2C2D65FD}.Debug|x64.Build.0 = Debug|Any CPU
		{0FF1F46A-B688-4455-B9DC-C3CD2C2D65FD}.Debug|x86.ActiveCfg = Debug|Any CPU
		{0FF1F46A-B688-4455-B9DC-C3CD2C2D65FD}.Debug|x86.Build.0 = Debug|Any CPU
		{0FF1F46A-B688-4455-B9DC-C3CD2C2D65FD}.Info|Any CPU.ActiveCfg = Release|Any CPU
		{0FF1F46A-B688-4455-B9DC-C3CD2C2D65FD}.Info|Any CPU.Build.0 = Release|Any CPU
		{0FF1F46A-B688-4455-B9DC-C3CD2C2D65FD}.Info|ARM.ActiveCfg = Release|Any CPU
		{0FF1F46A-B688-4455-B9DC-C3CD2C2D65FD}.Info|ARM.Build.0 = Release|Any CPU
		{0FF1F46A-B688-4455-B9DC-C3CD2C2D65FD}.Info|x64.ActiveCfg = Release|Any CPU
		{0FF1F46A-B688-4455-B9DC-C3CD2C2D65FD}.Info|x64.Build.0 = Release|Any CPU
		{0FF1F46A-B688-4455-B9DC-C3CD2C2D65FD}.Info|x86.ActiveCfg = Release|Any CPU
		{0FF1F46A-B688-4455-B9DC-C3CD2C2D65FD}.Info|x86.Build.0 = Release|Any CPU
		{0FF1F46A-B688-4455-B9DC-C3CD2C2D65FD}.Performance|Any CPU.ActiveCfg = Release|Any CPU
		{0FF1F46A-B688-4455-B9DC-C3CD2C2D65FD}.Performance|Any CPU.Build.0 = Release|Any CPU
		{0FF1F46A-B688-4455-B9DC-C3CD2C2D65FD}.Performance|ARM.ActiveCfg = Release|Any CPU
		{0FF1F46A-B688-4455-B9DC-C3CD2C2D65FD}.Performance|ARM.Build.0 = Release|Any CPU
		{0FF1F46A-B688-4455-B9DC-C3CD2C2D65FD}.Performance|x64.ActiveCfg = Release|Any CPU
		{0FF1F46A-B688-4455-B9DC-C3CD2C2D65FD}.Performance|x64.Build.0 = Release|Any CPU
		{0FF1F46A-B688-4455-B9DC-C3CD2C2D65FD}.Performance|x86.ActiveCfg = Release|Any CPU
		{0FF1F46A-B688-4455-B9DC-C3CD2C2D65FD}.Performance|x86.Build.0 = Release|Any CPU
		{0FF1F46A-B688-4455-B9DC-C3CD2C2D65FD}.Release|Any CPU.ActiveCfg = Release|Any CPU
		{0FF1F46A-B688-4455-B9DC-C3CD2C2D65FD}.Release|Any CPU.Build.0 = Release|Any CPU
		{0FF1F46A-B688-4455-B9DC-C3CD2C2D65FD}.Release|ARM.ActiveCfg = Release|Any CPU
		{0FF1F46A-B688-4455-B9DC-C3CD2C2D65FD}.Release|ARM.Build.0 = Release|Any CPU
		{0FF1F46A-B688-4455-B9DC-C3CD2C2D65FD}.Release|x64.ActiveCfg = Release|Any CPU
		{0FF1F46A-B688-4455-B9DC-C3CD2C2D65FD}.Release|x64.Build.0 = Release|Any CPU
		{0FF1F46A-B688-4455-B9DC-C3CD2C2D65FD}.Release|x86.ActiveCfg = Release|Any CPU
		{0FF1F46A-B688-4455-B9DC-C3CD2C2D65FD}.Release|x86.Build.0 = Release|Any CPU
		{A2EE7198-22E4-433C-BFBB-9CB9716DDE44}.Debug|Any CPU.ActiveCfg = Debug|Any CPU
		{A2EE7198-22E4-433C-BFBB-9CB9716DDE44}.Debug|Any CPU.Build.0 = Debug|Any CPU
		{A2EE7198-22E4-433C-BFBB-9CB9716DDE44}.Debug|ARM.ActiveCfg = Debug|x86
		{A2EE7198-22E4-433C-BFBB-9CB9716DDE44}.Debug|x64.ActiveCfg = Debug|x86
		{A2EE7198-22E4-433C-BFBB-9CB9716DDE44}.Debug|x86.ActiveCfg = Debug|x86
		{A2EE7198-22E4-433C-BFBB-9CB9716DDE44}.Debug|x86.Build.0 = Debug|x86
		{A2EE7198-22E4-433C-BFBB-9CB9716DDE44}.Info|Any CPU.ActiveCfg = Release|x86
		{A2EE7198-22E4-433C-BFBB-9CB9716DDE44}.Info|Any CPU.Build.0 = Release|x86
		{A2EE7198-22E4-433C-BFBB-9CB9716DDE44}.Info|ARM.ActiveCfg = Release|x86
		{A2EE7198-22E4-433C-BFBB-9CB9716DDE44}.Info|ARM.Build.0 = Release|x86
		{A2EE7198-22E4-433C-BFBB-9CB9716DDE44}.Info|x64.ActiveCfg = Release|x86
		{A2EE7198-22E4-433C-BFBB-9CB9716DDE44}.Info|x64.Build.0 = Release|x86
		{A2EE7198-22E4-433C-BFBB-9CB9716DDE44}.Info|x86.ActiveCfg = Release|x86
		{A2EE7198-22E4-433C-BFBB-9CB9716DDE44}.Info|x86.Build.0 = Release|x86
		{A2EE7198-22E4-433C-BFBB-9CB9716DDE44}.Performance|Any CPU.ActiveCfg = Release|x86
		{A2EE7198-22E4-433C-BFBB-9CB9716DDE44}.Performance|Any CPU.Build.0 = Release|x86
		{A2EE7198-22E4-433C-BFBB-9CB9716DDE44}.Performance|ARM.ActiveCfg = Release|x86
		{A2EE7198-22E4-433C-BFBB-9CB9716DDE44}.Performance|ARM.Build.0 = Release|x86
		{A2EE7198-22E4-433C-BFBB-9CB9716DDE44}.Performance|x64.ActiveCfg = Release|x86
		{A2EE7198-22E4-433C-BFBB-9CB9716DDE44}.Performance|x64.Build.0 = Release|x86
		{A2EE7198-22E4-433C-BFBB-9CB9716DDE44}.Performance|x86.ActiveCfg = Release|x86
		{A2EE7198-22E4-433C-BFBB-9CB9716DDE44}.Performance|x86.Build.0 = Release|x86
		{A2EE7198-22E4-433C-BFBB-9CB9716DDE44}.Release|Any CPU.ActiveCfg = Release|x86
		{A2EE7198-22E4-433C-BFBB-9CB9716DDE44}.Release|ARM.ActiveCfg = Release|x86
		{A2EE7198-22E4-433C-BFBB-9CB9716DDE44}.Release|x64.ActiveCfg = Release|x86
		{A2EE7198-22E4-433C-BFBB-9CB9716DDE44}.Release|x86.ActiveCfg = Release|x86
		{A2EE7198-22E4-433C-BFBB-9CB9716DDE44}.Release|x86.Build.0 = Release|x86
	EndGlobalSection
	GlobalSection(SolutionProperties) = preSolution
		HideSolutionNode = FALSE
	EndGlobalSection
	GlobalSection(NestedProjects) = preSolution
		{D15F14F4-D946-4231-842A-FAB5FB0107C9} = {557825C5-FACC-4B35-9AE7-D181835D8298}
		{9D86AB00-7AF4-4A76-982D-125F1C4414B4} = {E9F98B92-F11B-42EE-9438-54ACFA8117DB}
		{46516763-DDC4-4203-9047-3C36CDEF7E04} = {E9F98B92-F11B-42EE-9438-54ACFA8117DB}
		{BE7C38F8-7A5B-4CBD-B57B-2CD54558062B} = {B2837392-11F8-42A3-B6FB-E57144156B9B}
		{7B509CAC-0FC2-4AAE-83E2-7F37C282A3A0} = {B2837392-11F8-42A3-B6FB-E57144156B9B}
		{509F01E0-517F-48C8-BC2B-FEFC78312DD4} = {B2837392-11F8-42A3-B6FB-E57144156B9B}
		{5F203662-6438-4CD9-BE4B-D111F1DFB925} = {B2837392-11F8-42A3-B6FB-E57144156B9B}
		{062658FA-CA79-41C2-B4A5-AD9B2A88BEBA} = {B2837392-11F8-42A3-B6FB-E57144156B9B}
		{EF90D397-28CE-42C9-9ABE-D169C6584C1F} = {557825C5-FACC-4B35-9AE7-D181835D8298}
		{0FF1F46A-B688-4455-B9DC-C3CD2C2D65FD} = {557825C5-FACC-4B35-9AE7-D181835D8298}
		{29390B33-719F-44A1-A021-7BBD0A28823B} = {B2837392-11F8-42A3-B6FB-E57144156B9B}
		{A2EE7198-22E4-433C-BFBB-9CB9716DDE44} = {E9F98B92-F11B-42EE-9438-54ACFA8117DB}
	EndGlobalSection
	GlobalSection(ExtensibilityGlobals) = postSolution
		SolutionGuid = {244F62A0-07DC-4E0F-848D-4017202E4176}
	EndGlobalSection
EndGlobal
