Microsoft Visual Studio Solution File, Format Version 9.00
# Visual Studio 2005
Project("{8BC9CEB8-8B4A-11D0-8D11-00A0C91BC942}") = "Lota", "Lota.vcproj", "{F8EC68CF-A920-491A-987B-A6A3592903D3}"
EndProject
Project("{54435603-DBB4-11D2-8724-00A0C9A8B90C}") = "Setup", "Setup\Setup.vdproj", "{236D3876-7A15-4A0D-8FCA-323ABA96AF40}"
EndProject
Global
	GlobalSection(SolutionConfigurationPlatforms) = preSolution
		Debug|Win32 = Debug|Win32
		Release|Win32 = Release|Win32
	EndGlobalSection
	GlobalSection(ProjectConfigurationPlatforms) = postSolution
		{F8EC68CF-A920-491A-987B-A6A3592903D3}.Debug|Win32.ActiveCfg = Debug|Win32
		{F8EC68CF-A920-491A-987B-A6A3592903D3}.Debug|Win32.Build.0 = Debug|Win32
		{F8EC68CF-A920-491A-987B-A6A3592903D3}.Release|Win32.ActiveCfg = Release|Win32
		{F8EC68CF-A920-491A-987B-A6A3592903D3}.Release|Win32.Build.0 = Release|Win32
		{236D3876-7A15-4A0D-8FCA-323ABA96AF40}.Debug|Win32.ActiveCfg = Debug
		{236D3876-7A15-4A0D-8FCA-323ABA96AF40}.Release|Win32.ActiveCfg = Release
	EndGlobalSection
	GlobalSection(SolutionProperties) = preSolution
		HideSolutionNode = FALSE
	EndGlobalSection
EndGlobal
